// !$*UTF8*$!
{
	archiveVersion = 1;
	classes = {
	};
	objectVersion = 56;
	objects = {

/* Begin PBXBuildFile section */
		666671532B88AD14003DBADE /* Recipes.swift in Sources */ = {isa = PBXBuildFile; fileRef = 666671522B88AD14003DBADE /* Recipes.swift */; };
		6673F7862B91F09E00959785 /* IngredientView.swift in Sources */ = {isa = PBXBuildFile; fileRef = 6673F7852B91F09E00959785 /* IngredientView.swift */; };
		6683A9812B5FED0A00F271E7 /* YummiApp.swift in Sources */ = {isa = PBXBuildFile; fileRef = 6683A9802B5FED0A00F271E7 /* YummiApp.swift */; };
		6683A9832B5FED0A00F271E7 /* ContentView.swift in Sources */ = {isa = PBXBuildFile; fileRef = 6683A9822B5FED0A00F271E7 /* ContentView.swift */; };
		6683A9852B5FED0C00F271E7 /* Assets.xcassets in Resources */ = {isa = PBXBuildFile; fileRef = 6683A9842B5FED0C00F271E7 /* Assets.xcassets */; };
		6683A9882B5FED0C00F271E7 /* Preview Assets.xcassets in Resources */ = {isa = PBXBuildFile; fileRef = 6683A9872B5FED0C00F271E7 /* Preview Assets.xcassets */; };
		6683A9922B5FED0D00F271E7 /* YummiTests.swift in Sources */ = {isa = PBXBuildFile; fileRef = 6683A9912B5FED0D00F271E7 /* YummiTests.swift */; };
		6683A99C2B5FED0D00F271E7 /* YummiUITests.swift in Sources */ = {isa = PBXBuildFile; fileRef = 6683A99B2B5FED0D00F271E7 /* YummiUITests.swift */; };
		6683A99E2B5FED0D00F271E7 /* YummiUITestsLaunchTests.swift in Sources */ = {isa = PBXBuildFile; fileRef = 6683A99D2B5FED0D00F271E7 /* YummiUITestsLaunchTests.swift */; };
		6683A9AB2B5FF35500F271E7 /* Ingredients.swift in Sources */ = {isa = PBXBuildFile; fileRef = 6683A9AA2B5FF35500F271E7 /* Ingredients.swift */; };
		669014B22B8E13A5001C8510 /* RecipesView.swift in Sources */ = {isa = PBXBuildFile; fileRef = 669014B12B8E13A5001C8510 /* RecipesView.swift */; };
		6690FE202B974A8300703DB6 /* ContentViewViewModel.swift in Sources */ = {isa = PBXBuildFile; fileRef = 6690FE1F2B974A8300703DB6 /* ContentViewViewModel.swift */; };
/* End PBXBuildFile section */

/* Begin PBXContainerItemProxy section */
		6683A98E2B5FED0D00F271E7 /* PBXContainerItemProxy */ = {
			isa = PBXContainerItemProxy;
			containerPortal = 6683A9752B5FED0A00F271E7 /* Project object */;
			proxyType = 1;
			remoteGlobalIDString = 6683A97C2B5FED0A00F271E7;
			remoteInfo = Yummi;
		};
		6683A9982B5FED0D00F271E7 /* PBXContainerItemProxy */ = {
			isa = PBXContainerItemProxy;
			containerPortal = 6683A9752B5FED0A00F271E7 /* Project object */;
			proxyType = 1;
			remoteGlobalIDString = 6683A97C2B5FED0A00F271E7;
			remoteInfo = Yummi;
		};
/* End PBXContainerItemProxy section */

/* Begin PBXFileReference section */
		666671522B88AD14003DBADE /* Recipes.swift */ = {isa = PBXFileReference; lastKnownFileType = sourcecode.swift; path = Recipes.swift; sourceTree = "<group>"; };
		6673F7852B91F09E00959785 /* IngredientView.swift */ = {isa = PBXFileReference; lastKnownFileType = sourcecode.swift; path = IngredientView.swift; sourceTree = "<group>"; };
		6683A97D2B5FED0A00F271E7 /* Yummi.app */ = {isa = PBXFileReference; explicitFileType = wrapper.application; includeInIndex = 0; path = Yummi.app; sourceTree = BUILT_PRODUCTS_DIR; };
		6683A9802B5FED0A00F271E7 /* YummiApp.swift */ = {isa = PBXFileReference; lastKnownFileType = sourcecode.swift; path = YummiApp.swift; sourceTree = "<group>"; };
		6683A9822B5FED0A00F271E7 /* ContentView.swift */ = {isa = PBXFileReference; lastKnownFileType = sourcecode.swift; path = ContentView.swift; sourceTree = "<group>"; };
		6683A9842B5FED0C00F271E7 /* Assets.xcassets */ = {isa = PBXFileReference; lastKnownFileType = folder.assetcatalog; path = Assets.xcassets; sourceTree = "<group>"; };
		6683A9872B5FED0C00F271E7 /* Preview Assets.xcassets */ = {isa = PBXFileReference; lastKnownFileType = folder.assetcatalog; path = "Preview Assets.xcassets"; sourceTree = "<group>"; };
		6683A98D2B5FED0D00F271E7 /* YummiTests.xctest */ = {isa = PBXFileReference; explicitFileType = wrapper.cfbundle; includeInIndex = 0; path = YummiTests.xctest; sourceTree = BUILT_PRODUCTS_DIR; };
		6683A9912B5FED0D00F271E7 /* YummiTests.swift */ = {isa = PBXFileReference; lastKnownFileType = sourcecode.swift; path = YummiTests.swift; sourceTree = "<group>"; };
		6683A9972B5FED0D00F271E7 /* YummiUITests.xctest */ = {isa = PBXFileReference; explicitFileType = wrapper.cfbundle; includeInIndex = 0; path = YummiUITests.xctest; sourceTree = BUILT_PRODUCTS_DIR; };
		6683A99B2B5FED0D00F271E7 /* YummiUITests.swift */ = {isa = PBXFileReference; lastKnownFileType = sourcecode.swift; path = YummiUITests.swift; sourceTree = "<group>"; };
		6683A99D2B5FED0D00F271E7 /* YummiUITestsLaunchTests.swift */ = {isa = PBXFileReference; lastKnownFileType = sourcecode.swift; path = YummiUITestsLaunchTests.swift; sourceTree = "<group>"; };
		6683A9AA2B5FF35500F271E7 /* Ingredients.swift */ = {isa = PBXFileReference; lastKnownFileType = sourcecode.swift; path = Ingredients.swift; sourceTree = "<group>"; };
		669014B12B8E13A5001C8510 /* RecipesView.swift */ = {isa = PBXFileReference; lastKnownFileType = sourcecode.swift; path = RecipesView.swift; sourceTree = "<group>"; };
		6690FE1F2B974A8300703DB6 /* ContentViewViewModel.swift */ = {isa = PBXFileReference; lastKnownFileType = sourcecode.swift; path = ContentViewViewModel.swift; sourceTree = "<group>"; };
/* End PBXFileReference section */

/* Begin PBXFrameworksBuildPhase section */
		6683A97A2B5FED0A00F271E7 /* Frameworks */ = {
			isa = PBXFrameworksBuildPhase;
			buildActionMask = 2147483647;
			files = (
			);
			runOnlyForDeploymentPostprocessing = 0;
		};
		6683A98A2B5FED0D00F271E7 /* Frameworks */ = {
			isa = PBXFrameworksBuildPhase;
			buildActionMask = 2147483647;
			files = (
			);
			runOnlyForDeploymentPostprocessing = 0;
		};
		6683A9942B5FED0D00F271E7 /* Frameworks */ = {
			isa = PBXFrameworksBuildPhase;
			buildActionMask = 2147483647;
			files = (
			);
			runOnlyForDeploymentPostprocessing = 0;
		};
/* End PBXFrameworksBuildPhase section */

/* Begin PBXGroup section */
		6673F7842B91EBA100959785 /* Models */ = {
			isa = PBXGroup;
			children = (
				6683A9AA2B5FF35500F271E7 /* Ingredients.swift */,
				666671522B88AD14003DBADE /* Recipes.swift */,
			);
			path = Models;
			sourceTree = "<group>";
		};
		6673F7872B91F13B00959785 /* ViewModels */ = {
			isa = PBXGroup;
			children = (
				6690FE1F2B974A8300703DB6 /* ContentViewViewModel.swift */,
			);
			path = ViewModels;
			sourceTree = "<group>";
		};
		6683A9742B5FED0A00F271E7 = {
			isa = PBXGroup;
			children = (
				6690FE232B974CFF00703DB6 /* Extensions */,
				6673F7872B91F13B00959785 /* ViewModels */,
				6673F7842B91EBA100959785 /* Models */,
				669014B02B8E1386001C8510 /* Views */,
				6683A97F2B5FED0A00F271E7 /* Yummi */,
				6683A9902B5FED0D00F271E7 /* YummiTests */,
				6683A99A2B5FED0D00F271E7 /* YummiUITests */,
				6683A97E2B5FED0A00F271E7 /* Products */,
			);
			sourceTree = "<group>";
		};
		6683A97E2B5FED0A00F271E7 /* Products */ = {
			isa = PBXGroup;
			children = (
				6683A97D2B5FED0A00F271E7 /* Yummi.app */,
				6683A98D2B5FED0D00F271E7 /* YummiTests.xctest */,
				6683A9972B5FED0D00F271E7 /* YummiUITests.xctest */,
			);
			name = Products;
			sourceTree = "<group>";
		};
		6683A97F2B5FED0A00F271E7 /* Yummi */ = {
			isa = PBXGroup;
			children = (
				6683A9802B5FED0A00F271E7 /* YummiApp.swift */,
				6683A9842B5FED0C00F271E7 /* Assets.xcassets */,
				6683A9862B5FED0C00F271E7 /* Preview Content */,
			);
			path = Yummi;
			sourceTree = "<group>";
		};
		6683A9862B5FED0C00F271E7 /* Preview Content */ = {
			isa = PBXGroup;
			children = (
				6683A9872B5FED0C00F271E7 /* Preview Assets.xcassets */,
			);
			path = "Preview Content";
			sourceTree = "<group>";
		};
		6683A9902B5FED0D00F271E7 /* YummiTests */ = {
			isa = PBXGroup;
			children = (
				6683A9912B5FED0D00F271E7 /* YummiTests.swift */,
			);
			path = YummiTests;
			sourceTree = "<group>";
		};
		6683A99A2B5FED0D00F271E7 /* YummiUITests */ = {
			isa = PBXGroup;
			children = (
				6683A99B2B5FED0D00F271E7 /* YummiUITests.swift */,
				6683A99D2B5FED0D00F271E7 /* YummiUITestsLaunchTests.swift */,
			);
			path = YummiUITests;
			sourceTree = "<group>";
		};
		669014B02B8E1386001C8510 /* Views */ = {
			isa = PBXGroup;
			children = (
				6683A9822B5FED0A00F271E7 /* ContentView.swift */,
				669014B12B8E13A5001C8510 /* RecipesView.swift */,
				6673F7852B91F09E00959785 /* IngredientView.swift */,
			);
			path = Views;
			sourceTree = "<group>";
		};
		6690FE232B974CFF00703DB6 /* Extensions */ = {
			isa = PBXGroup;
			children = (
			);
			path = Extensions;
			sourceTree = "<group>";
		};
/* End PBXGroup section */

/* Begin PBXNativeTarget section */
		6683A97C2B5FED0A00F271E7 /* Yummi */ = {
			isa = PBXNativeTarget;
			buildConfigurationList = 6683A9A12B5FED0D00F271E7 /* Build configuration list for PBXNativeTarget "Yummi" */;
			buildPhases = (
				6683A9792B5FED0A00F271E7 /* Sources */,
				6683A97A2B5FED0A00F271E7 /* Frameworks */,
				6683A97B2B5FED0A00F271E7 /* Resources */,
			);
			buildRules = (
			);
			dependencies = (
			);
			name = Yummi;
			productName = Yummi;
			productReference = 6683A97D2B5FED0A00F271E7 /* Yummi.app */;
			productType = "com.apple.product-type.application";
		};
		6683A98C2B5FED0D00F271E7 /* YummiTests */ = {
			isa = PBXNativeTarget;
			buildConfigurationList = 6683A9A42B5FED0D00F271E7 /* Build configuration list for PBXNativeTarget "YummiTests" */;
			buildPhases = (
				6683A9892B5FED0D00F271E7 /* Sources */,
				6683A98A2B5FED0D00F271E7 /* Frameworks */,
				6683A98B2B5FED0D00F271E7 /* Resources */,
			);
			buildRules = (
			);
			dependencies = (
				6683A98F2B5FED0D00F271E7 /* PBXTargetDependency */,
			);
			name = YummiTests;
			productName = YummiTests;
			productReference = 6683A98D2B5FED0D00F271E7 /* YummiTests.xctest */;
			productType = "com.apple.product-type.bundle.unit-test";
		};
		6683A9962B5FED0D00F271E7 /* YummiUITests */ = {
			isa = PBXNativeTarget;
			buildConfigurationList = 6683A9A72B5FED0D00F271E7 /* Build configuration list for PBXNativeTarget "YummiUITests" */;
			buildPhases = (
				6683A9932B5FED0D00F271E7 /* Sources */,
				6683A9942B5FED0D00F271E7 /* Frameworks */,
				6683A9952B5FED0D00F271E7 /* Resources */,
			);
			buildRules = (
			);
			dependencies = (
				6683A9992B5FED0D00F271E7 /* PBXTargetDependency */,
			);
			name = YummiUITests;
			productName = YummiUITests;
			productReference = 6683A9972B5FED0D00F271E7 /* YummiUITests.xctest */;
			productType = "com.apple.product-type.bundle.ui-testing";
		};
/* End PBXNativeTarget section */

/* Begin PBXProject section */
		6683A9752B5FED0A00F271E7 /* Project object */ = {
			isa = PBXProject;
			attributes = {
				BuildIndependentTargetsInParallel = 1;
				LastSwiftUpdateCheck = 1520;
				LastUpgradeCheck = 1520;
				TargetAttributes = {
					6683A97C2B5FED0A00F271E7 = {
						CreatedOnToolsVersion = 15.2;
					};
					6683A98C2B5FED0D00F271E7 = {
						CreatedOnToolsVersion = 15.2;
						TestTargetID = 6683A97C2B5FED0A00F271E7;
					};
					6683A9962B5FED0D00F271E7 = {
						CreatedOnToolsVersion = 15.2;
						TestTargetID = 6683A97C2B5FED0A00F271E7;
					};
				};
			};
			buildConfigurationList = 6683A9782B5FED0A00F271E7 /* Build configuration list for PBXProject "Yummi" */;
			compatibilityVersion = "Xcode 14.0";
			developmentRegion = en;
			hasScannedForEncodings = 0;
			knownRegions = (
				en,
				Base,
			);
			mainGroup = 6683A9742B5FED0A00F271E7;
			productRefGroup = 6683A97E2B5FED0A00F271E7 /* Products */;
			projectDirPath = "";
			projectRoot = "";
			targets = (
				6683A97C2B5FED0A00F271E7 /* Yummi */,
				6683A98C2B5FED0D00F271E7 /* YummiTests */,
				6683A9962B5FED0D00F271E7 /* YummiUITests */,
			);
		};
/* End PBXProject section */

/* Begin PBXResourcesBuildPhase section */
		6683A97B2B5FED0A00F271E7 /* Resources */ = {
			isa = PBXResourcesBuildPhase;
			buildActionMask = 2147483647;
			files = (
				6683A9882B5FED0C00F271E7 /* Preview Assets.xcassets in Resources */,
				6683A9852B5FED0C00F271E7 /* Assets.xcassets in Resources */,
			);
			runOnlyForDeploymentPostprocessing = 0;
		};
		6683A98B2B5FED0D00F271E7 /* Resources */ = {
			isa = PBXResourcesBuildPhase;
			buildActionMask = 2147483647;
			files = (
			);
			runOnlyForDeploymentPostprocessing = 0;
		};
		6683A9952B5FED0D00F271E7 /* Resources */ = {
			isa = PBXResourcesBuildPhase;
			buildActionMask = 2147483647;
			files = (
			);
			runOnlyForDeploymentPostprocessing = 0;
		};
/* End PBXResourcesBuildPhase section */

/* Begin PBXSourcesBuildPhase section */
		6683A9792B5FED0A00F271E7 /* Sources */ = {
			isa = PBXSourcesBuildPhase;
			buildActionMask = 2147483647;
			files = (
				6690FE202B974A8300703DB6 /* ContentViewViewModel.swift in Sources */,
				6683A9832B5FED0A00F271E7 /* ContentView.swift in Sources */,
				6683A9AB2B5FF35500F271E7 /* Ingredients.swift in Sources */,
				669014B22B8E13A5001C8510 /* RecipesView.swift in Sources */,
				6673F7862B91F09E00959785 /* IngredientView.swift in Sources */,
				6683A9812B5FED0A00F271E7 /* YummiApp.swift in Sources */,
				666671532B88AD14003DBADE /* Recipes.swift in Sources */,
			);
			runOnlyForDeploymentPostprocessing = 0;
		};
		6683A9892B5FED0D00F271E7 /* Sources */ = {
			isa = PBXSourcesBuildPhase;
			buildActionMask = 2147483647;
			files = (
				6683A9922B5FED0D00F271E7 /* YummiTests.swift in Sources */,
			);
			runOnlyForDeploymentPostprocessing = 0;
		};
		6683A9932B5FED0D00F271E7 /* Sources */ = {
			isa = PBXSourcesBuildPhase;
			buildActionMask = 2147483647;
			files = (
				6683A99E2B5FED0D00F271E7 /* YummiUITestsLaunchTests.swift in Sources */,
				6683A99C2B5FED0D00F271E7 /* YummiUITests.swift in Sources */,
			);
			runOnlyForDeploymentPostprocessing = 0;
		};
/* End PBXSourcesBuildPhase section */

/* Begin PBXTargetDependency section */
		6683A98F2B5FED0D00F271E7 /* PBXTargetDependency */ = {
			isa = PBXTargetDependency;
			target = 6683A97C2B5FED0A00F271E7 /* Yummi */;
			targetProxy = 6683A98E2B5FED0D00F271E7 /* PBXContainerItemProxy */;
		};
		6683A9992B5FED0D00F271E7 /* PBXTargetDependency */ = {
			isa = PBXTargetDependency;
			target = 6683A97C2B5FED0A00F271E7 /* Yummi */;
			targetProxy = 6683A9982B5FED0D00F271E7 /* PBXContainerItemProxy */;
		};
/* End PBXTargetDependency section */

/* Begin XCBuildConfiguration section */
		6683A99F2B5FED0D00F271E7 /* Debug */ = {
			isa = XCBuildConfiguration;
			buildSettings = {
				ALWAYS_SEARCH_USER_PATHS = NO;
				ASSETCATALOG_COMPILER_GENERATE_SWIFT_ASSET_SYMBOL_EXTENSIONS = YES;
				CLANG_ANALYZER_NONNULL = YES;
				CLANG_ANALYZER_NUMBER_OBJECT_CONVERSION = YES_AGGRESSIVE;
				CLANG_CXX_LANGUAGE_STANDARD = "gnu++20";
				CLANG_ENABLE_MODULES = YES;
				CLANG_ENABLE_OBJC_ARC = YES;
				CLANG_ENABLE_OBJC_WEAK = YES;
				CLANG_WARN_BLOCK_CAPTURE_AUTORELEASING = YES;
				CLANG_WARN_BOOL_CONVERSION = YES;
				CLANG_WARN_COMMA = YES;
				CLANG_WARN_CONSTANT_CONVERSION = YES;
				CLANG_WARN_DEPRECATED_OBJC_IMPLEMENTATIONS = YES;
				CLANG_WARN_DIRECT_OBJC_ISA_USAGE = YES_ERROR;
				CLANG_WARN_DOCUMENTATION_COMMENTS = YES;
				CLANG_WARN_EMPTY_BODY = YES;
				CLANG_WARN_ENUM_CONVERSION = YES;
				CLANG_WARN_INFINITE_RECURSION = YES;
				CLANG_WARN_INT_CONVERSION = YES;
				CLANG_WARN_NON_LITERAL_NULL_CONVERSION = YES;
				CLANG_WARN_OBJC_IMPLICIT_RETAIN_SELF = YES;
				CLANG_WARN_OBJC_LITERAL_CONVERSION = YES;
				CLANG_WARN_OBJC_ROOT_CLASS = YES_ERROR;
				CLANG_WARN_QUOTED_INCLUDE_IN_FRAMEWORK_HEADER = YES;
				CLANG_WARN_RANGE_LOOP_ANALYSIS = YES;
				CLANG_WARN_STRICT_PROTOTYPES = YES;
				CLANG_WARN_SUSPICIOUS_MOVE = YES;
				CLANG_WARN_UNGUARDED_AVAILABILITY = YES_AGGRESSIVE;
				CLANG_WARN_UNREACHABLE_CODE = YES;
				CLANG_WARN__DUPLICATE_METHOD_MATCH = YES;
				COPY_PHASE_STRIP = NO;
				DEBUG_INFORMATION_FORMAT = dwarf;
				ENABLE_STRICT_OBJC_MSGSEND = YES;
				ENABLE_TESTABILITY = YES;
				ENABLE_USER_SCRIPT_SANDBOXING = YES;
				GCC_C_LANGUAGE_STANDARD = gnu17;
				GCC_DYNAMIC_NO_PIC = NO;
				GCC_NO_COMMON_BLOCKS = YES;
				GCC_OPTIMIZATION_LEVEL = 0;
				GCC_PREPROCESSOR_DEFINITIONS = (
					"DEBUG=1",
					"$(inherited)",
				);
				GCC_WARN_64_TO_32_BIT_CONVERSION = YES;
				GCC_WARN_ABOUT_RETURN_TYPE = YES_ERROR;
				GCC_WARN_UNDECLARED_SELECTOR = YES;
				GCC_WARN_UNINITIALIZED_AUTOS = YES_AGGRESSIVE;
				GCC_WARN_UNUSED_FUNCTION = YES;
				GCC_WARN_UNUSED_VARIABLE = YES;
				IPHONEOS_DEPLOYMENT_TARGET = 17.2;
				LOCALIZATION_PREFERS_STRING_CATALOGS = YES;
				MTL_ENABLE_DEBUG_INFO = INCLUDE_SOURCE;
				MTL_FAST_MATH = YES;
				ONLY_ACTIVE_ARCH = YES;
				SDKROOT = iphoneos;
				SWIFT_ACTIVE_COMPILATION_CONDITIONS = "DEBUG $(inherited)";
				SWIFT_OPTIMIZATION_LEVEL = "-Onone";
			};
			name = Debug;
		};
		6683A9A02B5FED0D00F271E7 /* Release */ = {
			isa = XCBuildConfiguration;
			buildSettings = {
				ALWAYS_SEARCH_USER_PATHS = NO;
				ASSETCATALOG_COMPILER_GENERATE_SWIFT_ASSET_SYMBOL_EXTENSIONS = YES;
				CLANG_ANALYZER_NONNULL = YES;
				CLANG_ANALYZER_NUMBER_OBJECT_CONVERSION = YES_AGGRESSIVE;
				CLANG_CXX_LANGUAGE_STANDARD = "gnu++20";
				CLANG_ENABLE_MODULES = YES;
				CLANG_ENABLE_OBJC_ARC = YES;
				CLANG_ENABLE_OBJC_WEAK = YES;
				CLANG_WARN_BLOCK_CAPTURE_AUTORELEASING = YES;
				CLANG_WARN_BOOL_CONVERSION = YES;
				CLANG_WARN_COMMA = YES;
				CLANG_WARN_CONSTANT_CONVERSION = YES;
				CLANG_WARN_DEPRECATED_OBJC_IMPLEMENTATIONS = YES;
				CLANG_WARN_DIRECT_OBJC_ISA_USAGE = YES_ERROR;
				CLANG_WARN_DOCUMENTATION_COMMENTS = YES;
				CLANG_WARN_EMPTY_BODY = YES;
				CLANG_WARN_ENUM_CONVERSION = YES;
				CLANG_WARN_INFINITE_RECURSION = YES;
				CLANG_WARN_INT_CONVERSION = YES;
				CLANG_WARN_NON_LITERAL_NULL_CONVERSION = YES;
				CLANG_WARN_OBJC_IMPLICIT_RETAIN_SELF = YES;
				CLANG_WARN_OBJC_LITERAL_CONVERSION = YES;
				CLANG_WARN_OBJC_ROOT_CLASS = YES_ERROR;
				CLANG_WARN_QUOTED_INCLUDE_IN_FRAMEWORK_HEADER = YES;
				CLANG_WARN_RANGE_LOOP_ANALYSIS = YES;
				CLANG_WARN_STRICT_PROTOTYPES = YES;
				CLANG_WARN_SUSPICIOUS_MOVE = YES;
				CLANG_WARN_UNGUARDED_AVAILABILITY = YES_AGGRESSIVE;
				CLANG_WARN_UNREACHABLE_CODE = YES;
				CLANG_WARN__DUPLICATE_METHOD_MATCH = YES;
				COPY_PHASE_STRIP = NO;
				DEBUG_INFORMATION_FORMAT = "dwarf-with-dsym";
				ENABLE_NS_ASSERTIONS = NO;
				ENABLE_STRICT_OBJC_MSGSEND = YES;
				ENABLE_USER_SCRIPT_SANDBOXING = YES;
				GCC_C_LANGUAGE_STANDARD = gnu17;
				GCC_NO_COMMON_BLOCKS = YES;
				GCC_WARN_64_TO_32_BIT_CONVERSION = YES;
				GCC_WARN_ABOUT_RETURN_TYPE = YES_ERROR;
				GCC_WARN_UNDECLARED_SELECTOR = YES;
				GCC_WARN_UNINITIALIZED_AUTOS = YES_AGGRESSIVE;
				GCC_WARN_UNUSED_FUNCTION = YES;
				GCC_WARN_UNUSED_VARIABLE = YES;
				IPHONEOS_DEPLOYMENT_TARGET = 17.2;
				LOCALIZATION_PREFERS_STRING_CATALOGS = YES;
				MTL_ENABLE_DEBUG_INFO = NO;
				MTL_FAST_MATH = YES;
				SDKROOT = iphoneos;
				SWIFT_COMPILATION_MODE = wholemodule;
				VALIDATE_PRODUCT = YES;
			};
			name = Release;
		};
		6683A9A22B5FED0D00F271E7 /* Debug */ = {
			isa = XCBuildConfiguration;
			buildSettings = {
				ASSETCATALOG_COMPILER_APPICON_NAME = AppIcon;
				ASSETCATALOG_COMPILER_GLOBAL_ACCENT_COLOR_NAME = AccentColor;
				CODE_SIGN_STYLE = Automatic;
				CURRENT_PROJECT_VERSION = 1;
				DEVELOPMENT_ASSET_PATHS = "\"Yummi/Preview Content\"";
				ENABLE_PREVIEWS = YES;
				GENERATE_INFOPLIST_FILE = YES;
				INFOPLIST_KEY_UIApplicationSceneManifest_Generation = YES;
				INFOPLIST_KEY_UIApplicationSupportsIndirectInputEvents = YES;
				INFOPLIST_KEY_UILaunchScreen_Generation = YES;
				INFOPLIST_KEY_UISupportedInterfaceOrientations_iPad = "UIInterfaceOrientationPortrait UIInterfaceOrientationPortraitUpsideDown UIInterfaceOrientationLandscapeLeft UIInterfaceOrientationLandscapeRight";
				INFOPLIST_KEY_UISupportedInterfaceOrientations_iPhone = "UIInterfaceOrientationPortrait UIInterfaceOrientationLandscapeLeft UIInterfaceOrientationLandscapeRight";
				LD_RUNPATH_SEARCH_PATHS = (
					"$(inherited)",
					"@executable_path/Frameworks",
				);
				MARKETING_VERSION = 1.0;
				PRODUCT_BUNDLE_IDENTIFIER = com.fhoward.Yummi;
				PRODUCT_NAME = "$(TARGET_NAME)";
				SWIFT_EMIT_LOC_STRINGS = YES;
				SWIFT_VERSION = 5.0;
				TARGETED_DEVICE_FAMILY = "1,2";
			};
			name = Debug;
		};
		6683A9A32B5FED0D00F271E7 /* Release */ = {
			isa = XCBuildConfiguration;
			buildSettings = {
				ASSETCATALOG_COMPILER_APPICON_NAME = AppIcon;
				ASSETCATALOG_COMPILER_GLOBAL_ACCENT_COLOR_NAME = AccentColor;
				CODE_SIGN_STYLE = Automatic;
				CURRENT_PROJECT_VERSION = 1;
				DEVELOPMENT_ASSET_PATHS = "\"Yummi/Preview Content\"";
				ENABLE_PREVIEWS = YES;
				GENERATE_INFOPLIST_FILE = YES;
				INFOPLIST_KEY_UIApplicationSceneManifest_Generation = YES;
				INFOPLIST_KEY_UIApplicationSupportsIndirectInputEvents = YES;
				INFOPLIST_KEY_UILaunchScreen_Generation = YES;
				INFOPLIST_KEY_UISupportedInterfaceOrientations_iPad = "UIInterfaceOrientationPortrait UIInterfaceOrientationPortraitUpsideDown UIInterfaceOrientationLandscapeLeft UIInterfaceOrientationLandscapeRight";
				INFOPLIST_KEY_UISupportedInterfaceOrientations_iPhone = "UIInterfaceOrientationPortrait UIInterfaceOrientationLandscapeLeft UIInterfaceOrientationLandscapeRight";
				LD_RUNPATH_SEARCH_PATHS = (
					"$(inherited)",
					"@executable_path/Frameworks",
				);
				MARKETING_VERSION = 1.0;
				PRODUCT_BUNDLE_IDENTIFIER = com.fhoward.Yummi;
				PRODUCT_NAME = "$(TARGET_NAME)";
				SWIFT_EMIT_LOC_STRINGS = YES;
				SWIFT_VERSION = 5.0;
				TARGETED_DEVICE_FAMILY = "1,2";
			};
			name = Release;
		};
		6683A9A52B5FED0D00F271E7 /* Debug */ = {
			isa = XCBuildConfiguration;
			buildSettings = {
				ALWAYS_EMBED_SWIFT_STANDARD_LIBRARIES = YES;
				BUNDLE_LOADER = "$(TEST_HOST)";
				CODE_SIGN_STYLE = Automatic;
				CURRENT_PROJECT_VERSION = 1;
				GENERATE_INFOPLIST_FILE = YES;
				IPHONEOS_DEPLOYMENT_TARGET = 17.2;
				MARKETING_VERSION = 1.0;
				PRODUCT_BUNDLE_IDENTIFIER = com.fhoward.YummiTests;
				PRODUCT_NAME = "$(TARGET_NAME)";
				SWIFT_EMIT_LOC_STRINGS = NO;
				SWIFT_VERSION = 5.0;
				TARGETED_DEVICE_FAMILY = "1,2";
				TEST_HOST = "$(BUILT_PRODUCTS_DIR)/Yummi.app/$(BUNDLE_EXECUTABLE_FOLDER_PATH)/Yummi";
			};
			name = Debug;
		};
		6683A9A62B5FED0D00F271E7 /* Release */ = {
			isa = XCBuildConfiguration;
			buildSettings = {
				ALWAYS_EMBED_SWIFT_STANDARD_LIBRARIES = YES;
				BUNDLE_LOADER = "$(TEST_HOST)";
				CODE_SIGN_STYLE = Automatic;
				CURRENT_PROJECT_VERSION = 1;
				GENERATE_INFOPLIST_FILE = YES;
				IPHONEOS_DEPLOYMENT_TARGET = 17.2;
				MARKETING_VERSION = 1.0;
				PRODUCT_BUNDLE_IDENTIFIER = com.fhoward.YummiTests;
				PRODUCT_NAME = "$(TARGET_NAME)";
				SWIFT_EMIT_LOC_STRINGS = NO;
				SWIFT_VERSION = 5.0;
				TARGETED_DEVICE_FAMILY = "1,2";
				TEST_HOST = "$(BUILT_PRODUCTS_DIR)/Yummi.app/$(BUNDLE_EXECUTABLE_FOLDER_PATH)/Yummi";
			};
			name = Release;
		};
		6683A9A82B5FED0D00F271E7 /* Debug */ = {
			isa = XCBuildConfiguration;
			buildSettings = {
				ALWAYS_EMBED_SWIFT_STANDARD_LIBRARIES = YES;
				CODE_SIGN_STYLE = Automatic;
				CURRENT_PROJECT_VERSION = 1;
				GENERATE_INFOPLIST_FILE = YES;
				MARKETING_VERSION = 1.0;
				PRODUCT_BUNDLE_IDENTIFIER = com.fhoward.YummiUITests;
				PRODUCT_NAME = "$(TARGET_NAME)";
				SWIFT_EMIT_LOC_STRINGS = NO;
				SWIFT_VERSION = 5.0;
				TARGETED_DEVICE_FAMILY = "1,2";
				TEST_TARGET_NAME = Yummi;
			};
			name = Debug;
		};
		6683A9A92B5FED0D00F271E7 /* Release */ = {
			isa = XCBuildConfiguration;
			buildSettings = {
				ALWAYS_EMBED_SWIFT_STANDARD_LIBRARIES = YES;
				CODE_SIGN_STYLE = Automatic;
				CURRENT_PROJECT_VERSION = 1;
				GENERATE_INFOPLIST_FILE = YES;
				MARKETING_VERSION = 1.0;
				PRODUCT_BUNDLE_IDENTIFIER = com.fhoward.YummiUITests;
				PRODUCT_NAME = "$(TARGET_NAME)";
				SWIFT_EMIT_LOC_STRINGS = NO;
				SWIFT_VERSION = 5.0;
				TARGETED_DEVICE_FAMILY = "1,2";
				TEST_TARGET_NAME = Yummi;
			};
			name = Release;
		};
/* End XCBuildConfiguration section */

/* Begin XCConfigurationList section */
		6683A9782B5FED0A00F271E7 /* Build configuration list for PBXProject "Yummi" */ = {
			isa = XCConfigurationList;
			buildConfigurations = (
				6683A99F2B5FED0D00F271E7 /* Debug */,
				6683A9A02B5FED0D00F271E7 /* Release */,
			);
			defaultConfigurationIsVisible = 0;
			defaultConfigurationName = Release;
		};
		6683A9A12B5FED0D00F271E7 /* Build configuration list for PBXNativeTarget "Yummi" */ = {
			isa = XCConfigurationList;
			buildConfigurations = (
				6683A9A22B5FED0D00F271E7 /* Debug */,
				6683A9A32B5FED0D00F271E7 /* Release */,
			);
			defaultConfigurationIsVisible = 0;
			defaultConfigurationName = Release;
		};
		6683A9A42B5FED0D00F271E7 /* Build configuration list for PBXNativeTarget "YummiTests" */ = {
			isa = XCConfigurationList;
			buildConfigurations = (
				6683A9A52B5FED0D00F271E7 /* Debug */,
				6683A9A62B5FED0D00F271E7 /* Release */,
			);
			defaultConfigurationIsVisible = 0;
			defaultConfigurationName = Release;
		};
		6683A9A72B5FED0D00F271E7 /* Build configuration list for PBXNativeTarget "YummiUITests" */ = {
			isa = XCConfigurationList;
			buildConfigurations = (
				6683A9A82B5FED0D00F271E7 /* Debug */,
				6683A9A92B5FED0D00F271E7 /* Release */,
			);
			defaultConfigurationIsVisible = 0;
			defaultConfigurationName = Release;
		};
/* End XCConfigurationList section */
	};
	rootObject = 6683A9752B5FED0A00F271E7 /* Project object */;
}
